
Microsoft Visual Studio Solution File, Format Version 12.00
# Visual Studio Version 16
VisualStudioVersion = 16.0.31229.75
MinimumVisualStudioVersion = 10.0.40219.1
Project("{FAE04EC0-301F-11D3-BF4B-00C04F79EFBC}") = "BL", "BL\BL.csproj", "{14F13BE3-E33C-41FB-8A64-3221DD1F3174}"
EndProject
Project("{FAE04EC0-301F-11D3-BF4B-00C04F79EFBC}") = "DL", "DL\DL.csproj", "{E7C40D0E-D12A-4FF4-B763-5AF1346D6F4D}"
EndProject
Project("{FAE04EC0-301F-11D3-BF4B-00C04F79EFBC}") = "PL", "PL\PL.csproj", "{9EFA8BF4-1501-45FA-9E3F-69BF76D77934}"
EndProject
Global
	GlobalSection(SolutionConfigurationPlatforms) = preSolution
		Debug|Any CPU = Debug|Any CPU
		Release|Any CPU = Release|Any CPU
	EndGlobalSection
	GlobalSection(ProjectConfigurationPlatforms) = postSolution
		{14F13BE3-E33C-41FB-8A64-3221DD1F3174}.Debug|Any CPU.ActiveCfg = Debug|Any CPU
		{14F13BE3-E33C-41FB-8A64-3221DD1F3174}.Debug|Any CPU.Build.0 = Debug|Any CPU
		{14F13BE3-E33C-41FB-8A64-3221DD1F3174}.Release|Any CPU.ActiveCfg = Release|Any CPU
		{14F13BE3-E33C-41FB-8A64-3221DD1F3174}.Release|Any CPU.Build.0 = Release|Any CPU
		{E7C40D0E-D12A-4FF4-B763-5AF1346D6F4D}.Debug|Any CPU.ActiveCfg = Debug|Any CPU
		{E7C40D0E-D12A-4FF4-B763-5AF1346D6F4D}.Debug|Any CPU.Build.0 = Debug|Any CPU
		{E7C40D0E-D12A-4FF4-B763-5AF1346D6F4D}.Release|Any CPU.ActiveCfg = Release|Any CPU
		{E7C40D0E-D12A-4FF4-B763-5AF1346D6F4D}.Release|Any CPU.Build.0 = Release|Any CPU
		{9EFA8BF4-1501-45FA-9E3F-69BF76D77934}.Debug|Any CPU.ActiveCfg = Debug|Any CPU
		{9EFA8BF4-1501-45FA-9E3F-69BF76D77934}.Debug|Any CPU.Build.0 = Debug|Any CPU
		{9EFA8BF4-1501-45FA-9E3F-69BF76D77934}.Release|Any CPU.ActiveCfg = Release|Any CPU
		{9EFA8BF4-1501-45FA-9E3F-69BF76D77934}.Release|Any CPU.Build.0 = Release|Any CPU
	EndGlobalSection
	GlobalSection(SolutionProperties) = preSolution
		HideSolutionNode = FALSE
	EndGlobalSection
	GlobalSection(ExtensibilityGlobals) = postSolution
		SolutionGuid = {7D20032E-8C99-4BB7-B312-8AB53E149728}
	EndGlobalSection
EndGlobal
